
Microsoft Visual Studio Solution File, Format Version 12.00
# Visual Studio Version 17
VisualStudioVersion = 17.5.002.0
MinimumVisualStudioVersion = 10.0.40219.1
Project("{9A19103F-16F7-4668-BE54-9A1E7A4F7556}") = "azure-appservice", "azure-appservice.csproj", "{344F822F-7D6C-41CB-A597-AEF7BD61BCE7}"
EndProject
Global
	GlobalSection(SolutionConfigurationPlatforms) = preSolution
		Debug|Any CPU = Debug|Any CPU
		Release|Any CPU = Release|Any CPU
	EndGlobalSection
	GlobalSection(ProjectConfigurationPlatforms) = postSolution
		{344F822F-7D6C-41CB-A597-AEF7BD61BCE7}.Debug|Any CPU.ActiveCfg = Debug|Any CPU
		{344F822F-7D6C-41CB-A597-AEF7BD61BCE7}.Debug|Any CPU.Build.0 = Debug|Any CPU
		{344F822F-7D6C-41CB-A597-AEF7BD61BCE7}.Release|Any CPU.ActiveCfg = Release|Any CPU
		{344F822F-7D6C-41CB-A597-AEF7BD61BCE7}.Release|Any CPU.Build.0 = Release|Any CPU
	EndGlobalSection
	GlobalSection(SolutionProperties) = preSolution
		HideSolutionNode = FALSE
	EndGlobalSection
	GlobalSection(ExtensibilityGlobals) = postSolution
		SolutionGuid = {375C969F-A900-419A-807A-9DE66928918E}
	EndGlobalSection
EndGlobal
